
Microsoft Visual Studio Solution File, Format Version 12.00
# Visual Studio Version 16
VisualStudioVersion = 16.0.29926.136
MinimumVisualStudioVersion = 10.0.40219.1
Project("{FAE04EC0-301F-11D3-BF4B-00C04F79EFBC}") = "ContosoUniversity", "ContosoUniversity\ContosoUniversity.csproj", "{728DC96A-3AA4-41EA-AFBC-1720E7BF1281}"
EndProject
Global
	GlobalSection(SolutionConfigurationPlatforms) = preSolution
		Debug|Any CPU = Debug|Any CPU
		Release|Any CPU = Release|Any CPU
	EndGlobalSection
	GlobalSection(ProjectConfigurationPlatforms) = postSolution
		{728DC96A-3AA4-41EA-AFBC-1720E7BF1281}.Debug|Any CPU.ActiveCfg = Debug|Any CPU
		{728DC96A-3AA4-41EA-AFBC-1720E7BF1281}.Debug|Any CPU.Build.0 = Debug|Any CPU
		{728DC96A-3AA4-41EA-AFBC-1720E7BF1281}.Release|Any CPU.ActiveCfg = Release|Any CPU
		{728DC96A-3AA4-41EA-AFBC-1720E7BF1281}.Release|Any CPU.Build.0 = Release|Any CPU
	EndGlobalSection
	GlobalSection(SolutionProperties) = preSolution
		HideSolutionNode = FALSE
	EndGlobalSection
	GlobalSection(ExtensibilityGlobals) = postSolution
		SolutionGuid = {E387D0EF-B648-4D1F-9283-D4A8209156B3}
	EndGlobalSection
EndGlobal
