
Microsoft Visual Studio Solution File, Format Version 12.00
# Visual Studio Version 16
VisualStudioVersion = 16.0.29926.136
MinimumVisualStudioVersion = 10.0.40219.1
Project("{9A19103F-16F7-4668-BE54-9A1E7A4F7556}") = "ContosoUniversity", "ContosoUniversity\ContosoUniversity.csproj", "{8C4B9412-7758-426F-A087-A4FD8D90DBF7}"
EndProject
Project("{FAE04EC0-301F-11D3-BF4B-00C04F79EFBC}") = "ContosoUniversity.Tests", "ContosoUniversity.Tests\ContosoUniversity.Tests.csproj", "{0E437A1B-DC95-4BB2-808A-B08400E895D8}"
EndProject
Global
	GlobalSection(SolutionConfigurationPlatforms) = preSolution
		Debug|Any CPU = Debug|Any CPU
		Release|Any CPU = Release|Any CPU
	EndGlobalSection
	GlobalSection(ProjectConfigurationPlatforms) = postSolution
		{8C4B9412-7758-426F-A087-A4FD8D90DBF7}.Debug|Any CPU.ActiveCfg = Debug|Any CPU
		{8C4B9412-7758-426F-A087-A4FD8D90DBF7}.Debug|Any CPU.Build.0 = Debug|Any CPU
		{8C4B9412-7758-426F-A087-A4FD8D90DBF7}.Release|Any CPU.ActiveCfg = Release|Any CPU
		{8C4B9412-7758-426F-A087-A4FD8D90DBF7}.Release|Any CPU.Build.0 = Release|Any CPU
		{0E437A1B-DC95-4BB2-808A-B08400E895D8}.Debug|Any CPU.ActiveCfg = Debug|Any CPU
		{0E437A1B-DC95-4BB2-808A-B08400E895D8}.Debug|Any CPU.Build.0 = Debug|Any CPU
		{0E437A1B-DC95-4BB2-808A-B08400E895D8}.Release|Any CPU.ActiveCfg = Release|Any CPU
		{0E437A1B-DC95-4BB2-808A-B08400E895D8}.Release|Any CPU.Build.0 = Release|Any CPU
	EndGlobalSection
	GlobalSection(SolutionProperties) = preSolution
		HideSolutionNode = FALSE
	EndGlobalSection
	GlobalSection(ExtensibilityGlobals) = postSolution
		SolutionGuid = {E387D0EF-B648-4D1F-9283-D4A8209156B3}
	EndGlobalSection
EndGlobal
